
Microsoft Visual Studio Solution File, Format Version 12.00
# Visual Studio Version 16
VisualStudioVersion = 16.0.29609.76
MinimumVisualStudioVersion = 10.0.40219.1
Project("{FAE04EC0-301F-11D3-BF4B-00C04F79EFBC}") = "champi", "personnages\champi.csproj", "{074948EC-E031-47C8-A34D-3D6CAE309DD7}"
EndProject
Project("{FAE04EC0-301F-11D3-BF4B-00C04F79EFBC}") = "champi.UnitTests", "personnages.UnitTests\champi.UnitTests.csproj", "{34FCBF37-2348-4BC7-85E6-ED3DFC13FF69}"
EndProject
Global
	GlobalSection(SolutionConfigurationPlatforms) = preSolution
		Debug|Any CPU = Debug|Any CPU
		Release|Any CPU = Release|Any CPU
	EndGlobalSection
	GlobalSection(ProjectConfigurationPlatforms) = postSolution
		{074948EC-E031-47C8-A34D-3D6CAE309DD7}.Debug|Any CPU.ActiveCfg = Debug|Any CPU
		{074948EC-E031-47C8-A34D-3D6CAE309DD7}.Debug|Any CPU.Build.0 = Debug|Any CPU
		{074948EC-E031-47C8-A34D-3D6CAE309DD7}.Release|Any CPU.ActiveCfg = Release|Any CPU
		{074948EC-E031-47C8-A34D-3D6CAE309DD7}.Release|Any CPU.Build.0 = Release|Any CPU
		{34FCBF37-2348-4BC7-85E6-ED3DFC13FF69}.Debug|Any CPU.ActiveCfg = Debug|Any CPU
		{34FCBF37-2348-4BC7-85E6-ED3DFC13FF69}.Debug|Any CPU.Build.0 = Debug|Any CPU
		{34FCBF37-2348-4BC7-85E6-ED3DFC13FF69}.Release|Any CPU.ActiveCfg = Release|Any CPU
		{34FCBF37-2348-4BC7-85E6-ED3DFC13FF69}.Release|Any CPU.Build.0 = Release|Any CPU
	EndGlobalSection
	GlobalSection(SolutionProperties) = preSolution
		HideSolutionNode = FALSE
	EndGlobalSection
	GlobalSection(ExtensibilityGlobals) = postSolution
		SolutionGuid = {DEC85C7B-D372-4B3D-93B7-A248DA00F846}
	EndGlobalSection
EndGlobal
